
Microsoft Visual Studio Solution File, Format Version 12.00
# Visual Studio Version 17
VisualStudioVersion = 17.11.35222.181
MinimumVisualStudioVersion = 10.0.40219.1
Project("{FAE04EC0-301F-11D3-BF4B-00C04F79EFBC}") = "AuthIdentity", "AuthIdentity\AuthIdentity.csproj", "{D93D323F-CF0D-4A5B-8C38-95F6CD1FDBB9}"
EndProject
Global
	GlobalSection(SolutionConfigurationPlatforms) = preSolution
		Debug|Any CPU = Debug|Any CPU
		Release|Any CPU = Release|Any CPU
	EndGlobalSection
	GlobalSection(ProjectConfigurationPlatforms) = postSolution
		{D93D323F-CF0D-4A5B-8C38-95F6CD1FDBB9}.Debug|Any CPU.ActiveCfg = Debug|Any CPU
		{D93D323F-CF0D-4A5B-8C38-95F6CD1FDBB9}.Debug|Any CPU.Build.0 = Debug|Any CPU
		{D93D323F-CF0D-4A5B-8C38-95F6CD1FDBB9}.Release|Any CPU.ActiveCfg = Release|Any CPU
		{D93D323F-CF0D-4A5B-8C38-95F6CD1FDBB9}.Release|Any CPU.Build.0 = Release|Any CPU
	EndGlobalSection
	GlobalSection(SolutionProperties) = preSolution
		HideSolutionNode = FALSE
	EndGlobalSection
	GlobalSection(ExtensibilityGlobals) = postSolution
		SolutionGuid = {2DDE6128-82BA-4350-8C05-C27B9807248A}
	EndGlobalSection
EndGlobal
